
Microsoft Visual Studio Solution File, Format Version 12.00
# Visual Studio Version 17
VisualStudioVersion = 17.4.33205.214
MinimumVisualStudioVersion = 10.0.40219.1
Project("{FAE04EC0-301F-11D3-BF4B-00C04F79EFBC}") = "Project_API", "Project_API\Project_API.csproj", "{5EFC890C-40FB-438A-981A-C907674AED81}"
EndProject
Global
	GlobalSection(SolutionConfigurationPlatforms) = preSolution
		Debug|Any CPU = Debug|Any CPU
		Release|Any CPU = Release|Any CPU
	EndGlobalSection
	GlobalSection(ProjectConfigurationPlatforms) = postSolution
		{5EFC890C-40FB-438A-981A-C907674AED81}.Debug|Any CPU.ActiveCfg = Debug|Any CPU
		{5EFC890C-40FB-438A-981A-C907674AED81}.Debug|Any CPU.Build.0 = Debug|Any CPU
		{5EFC890C-40FB-438A-981A-C907674AED81}.Release|Any CPU.ActiveCfg = Release|Any CPU
		{5EFC890C-40FB-438A-981A-C907674AED81}.Release|Any CPU.Build.0 = Release|Any CPU
	EndGlobalSection
	GlobalSection(SolutionProperties) = preSolution
		HideSolutionNode = FALSE
	EndGlobalSection
	GlobalSection(ExtensibilityGlobals) = postSolution
		SolutionGuid = {1F5DA674-6519-44A8-A0CB-25A6880289A8}
	EndGlobalSection
EndGlobal
