
Microsoft Visual Studio Solution File, Format Version 12.00
# Visual Studio Version 17
VisualStudioVersion = 17.4.33205.214
MinimumVisualStudioVersion = 10.0.40219.1
Project("{FAE04EC0-301F-11D3-BF4B-00C04F79EFBC}") = "Project_API", "Project_API\Project_API.csproj", "{5EFC890C-40FB-438A-981A-C907674AED81}"
EndProject
Project("{8BC9CEB8-8B4A-11D0-8D11-00A0C91BC942}") = "Autorun_Birthday", "Autorun_Birthday\Autorun_Birthday.vcxproj", "{88360ED5-4EA9-419F-8F30-E8458E4BF572}"
EndProject
Project("{FAE04EC0-301F-11D3-BF4B-00C04F79EFBC}") = "Birthday_Surprise", "Birthday_Surprise\Birthday_Surprise.csproj", "{989B9DDE-F8BB-43E7-A566-1CBA055E1B10}"
EndProject
Global
	GlobalSection(SolutionConfigurationPlatforms) = preSolution
		Debug|Any CPU = Debug|Any CPU
		Debug|x64 = Debug|x64
		Debug|x86 = Debug|x86
		Release|Any CPU = Release|Any CPU
		Release|x64 = Release|x64
		Release|x86 = Release|x86
	EndGlobalSection
	GlobalSection(ProjectConfigurationPlatforms) = postSolution
		{5EFC890C-40FB-438A-981A-C907674AED81}.Debug|Any CPU.ActiveCfg = Debug|Any CPU
		{5EFC890C-40FB-438A-981A-C907674AED81}.Debug|Any CPU.Build.0 = Debug|Any CPU
		{5EFC890C-40FB-438A-981A-C907674AED81}.Debug|x64.ActiveCfg = Debug|Any CPU
		{5EFC890C-40FB-438A-981A-C907674AED81}.Debug|x64.Build.0 = Debug|Any CPU
		{5EFC890C-40FB-438A-981A-C907674AED81}.Debug|x86.ActiveCfg = Debug|Any CPU
		{5EFC890C-40FB-438A-981A-C907674AED81}.Debug|x86.Build.0 = Debug|Any CPU
		{5EFC890C-40FB-438A-981A-C907674AED81}.Release|Any CPU.ActiveCfg = Release|Any CPU
		{5EFC890C-40FB-438A-981A-C907674AED81}.Release|Any CPU.Build.0 = Release|Any CPU
		{5EFC890C-40FB-438A-981A-C907674AED81}.Release|x64.ActiveCfg = Release|Any CPU
		{5EFC890C-40FB-438A-981A-C907674AED81}.Release|x64.Build.0 = Release|Any CPU
		{5EFC890C-40FB-438A-981A-C907674AED81}.Release|x86.ActiveCfg = Release|Any CPU
		{5EFC890C-40FB-438A-981A-C907674AED81}.Release|x86.Build.0 = Release|Any CPU
		{88360ED5-4EA9-419F-8F30-E8458E4BF572}.Debug|Any CPU.ActiveCfg = Debug|x64
		{88360ED5-4EA9-419F-8F30-E8458E4BF572}.Debug|Any CPU.Build.0 = Debug|x64
		{88360ED5-4EA9-419F-8F30-E8458E4BF572}.Debug|x64.ActiveCfg = Debug|x64
		{88360ED5-4EA9-419F-8F30-E8458E4BF572}.Debug|x64.Build.0 = Debug|x64
		{88360ED5-4EA9-419F-8F30-E8458E4BF572}.Debug|x86.ActiveCfg = Debug|Win32
		{88360ED5-4EA9-419F-8F30-E8458E4BF572}.Debug|x86.Build.0 = Debug|Win32
		{88360ED5-4EA9-419F-8F30-E8458E4BF572}.Release|Any CPU.ActiveCfg = Release|x64
		{88360ED5-4EA9-419F-8F30-E8458E4BF572}.Release|Any CPU.Build.0 = Release|x64
		{88360ED5-4EA9-419F-8F30-E8458E4BF572}.Release|x64.ActiveCfg = Release|x64
		{88360ED5-4EA9-419F-8F30-E8458E4BF572}.Release|x64.Build.0 = Release|x64
		{88360ED5-4EA9-419F-8F30-E8458E4BF572}.Release|x86.ActiveCfg = Release|Win32
		{88360ED5-4EA9-419F-8F30-E8458E4BF572}.Release|x86.Build.0 = Release|Win32
		{989B9DDE-F8BB-43E7-A566-1CBA055E1B10}.Debug|Any CPU.ActiveCfg = Debug|Any CPU
		{989B9DDE-F8BB-43E7-A566-1CBA055E1B10}.Debug|Any CPU.Build.0 = Debug|Any CPU
		{989B9DDE-F8BB-43E7-A566-1CBA055E1B10}.Debug|x64.ActiveCfg = Debug|Any CPU
		{989B9DDE-F8BB-43E7-A566-1CBA055E1B10}.Debug|x64.Build.0 = Debug|Any CPU
		{989B9DDE-F8BB-43E7-A566-1CBA055E1B10}.Debug|x86.ActiveCfg = Debug|Any CPU
		{989B9DDE-F8BB-43E7-A566-1CBA055E1B10}.Debug|x86.Build.0 = Debug|Any CPU
		{989B9DDE-F8BB-43E7-A566-1CBA055E1B10}.Release|Any CPU.ActiveCfg = Release|Any CPU
		{989B9DDE-F8BB-43E7-A566-1CBA055E1B10}.Release|Any CPU.Build.0 = Release|Any CPU
		{989B9DDE-F8BB-43E7-A566-1CBA055E1B10}.Release|x64.ActiveCfg = Release|Any CPU
		{989B9DDE-F8BB-43E7-A566-1CBA055E1B10}.Release|x64.Build.0 = Release|Any CPU
		{989B9DDE-F8BB-43E7-A566-1CBA055E1B10}.Release|x86.ActiveCfg = Release|Any CPU
		{989B9DDE-F8BB-43E7-A566-1CBA055E1B10}.Release|x86.Build.0 = Release|Any CPU
	EndGlobalSection
	GlobalSection(SolutionProperties) = preSolution
		HideSolutionNode = FALSE
	EndGlobalSection
	GlobalSection(ExtensibilityGlobals) = postSolution
		SolutionGuid = {1F5DA674-6519-44A8-A0CB-25A6880289A8}
	EndGlobalSection
EndGlobal
